{
  "name": "@kcl-lang/lib-darwin-arm64",
  "version": "0.12.0",
  "lockfileVersion": 3,
  "requires": true,
  "packages": {
    "": {
      "name": "@kcl-lang/lib-darwin-arm64",
      "version": "0.12.0",
      "cpu": [
        "arm64"
      ],
      "license": "Apache-2.0",
      "os": [
        "darwin"
      ],
      "engines": {
        "node": ">= 10"
      }
    }
  }
}
