
Microsoft Visual Studio Solution File, Format Version 12.00
# Visual Studio Version 17
VisualStudioVersion = 17.5.002.0
MinimumVisualStudioVersion = 10.0.40219.1
Project("{9A19103F-16F7-4668-BE54-9A1E7A4F7556}") = "kcl_lib", "./KclLib/KclLib.csproj", "{925059E1-CFF5-4A12-A293-88344BAF33D9}"
EndProject
Project("{9A19103F-16F7-4668-BE54-9A1E7A4F7556}") = "kcl_lib_test", "./KclLib.Tests/KclLib.Tests.csproj", "{925059E1-CFF5-4A12-A293-88344BAF33D9}"
EndProject
Global
	GlobalSection(SolutionConfigurationPlatforms) = preSolution
		Debug|Any CPU = Debug|Any CPU
		Release|Any CPU = Release|Any CPU
	EndGlobalSection
	GlobalSection(ProjectConfigurationPlatforms) = postSolution
		{925059E1-CFF5-4A12-A293-88344BAF33D9}.Debug|Any CPU.ActiveCfg = Debug|Any CPU
		{925059E1-CFF5-4A12-A293-88344BAF33D9}.Debug|Any CPU.Build.0 = Debug|Any CPU
		{925059E1-CFF5-4A12-A293-88344BAF33D9}.Release|Any CPU.ActiveCfg = Release|Any CPU
		{925059E1-CFF5-4A12-A293-88344BAF33D9}.Release|Any CPU.Build.0 = Release|Any CPU
	EndGlobalSection
	GlobalSection(SolutionProperties) = preSolution
		HideSolutionNode = FALSE
	EndGlobalSection
	GlobalSection(ExtensibilityGlobals) = postSolution
		SolutionGuid = {13F982F0-938D-4D8B-AB03-9D13D0F1D80F}
	EndGlobalSection
EndGlobal
